{
    "requires": true,
    "lockfileVersion": 1,
    "dependencies": {
        "@types/cytoscape": {
            "version": "3.14.12",
            "resolved": "https://registry.npmjs.org/@types/cytoscape/-/cytoscape-3.14.12.tgz",
            "integrity": "sha512-Tf7ClW9H+8S0Sp/C4l5g7lLiANMMz7a8lPkANosqQQ4liku+0/aMRGFoZwV6bFm4aK//PF6ClPiTKBU3LhHhkw=="
        }
    }
}
